
Microsoft Visual Studio Solution File, Format Version 12.00
# Visual Studio 2013
VisualStudioVersion = 12.0.31101.0
MinimumVisualStudioVersion = 10.0.40219.1
Project("{FAE04EC0-301F-11D3-BF4B-00C04F79EFBC}") = "Gallery.Objects", "Objects\Gallery.Objects.csproj", "{B22B2A83-A09D-4AA9-9572-136901E63BBD}"
EndProject
Project("{FAE04EC0-301F-11D3-BF4B-00C04F79EFBC}") = "Gallery.ODataBackend", "ODataBackend\Gallery.ODataBackend.csproj", "{07F9AE48-7EF4-487E-A0E7-CDA5272BF81C}"
EndProject
Global
	GlobalSection(SolutionConfigurationPlatforms) = preSolution
Debug|Any CPU = Debug|Any CPU
Release|Any CPU = Release|Any CPU
	EndGlobalSection
	GlobalSection(ProjectConfigurationPlatforms) = postSolution
		{B22B2A83-A09D-4AA9-9572-136901E63BBD}.Debug|Any CPU.ActiveCfg = Debug|Any CPU
		{B22B2A83-A09D-4AA9-9572-136901E63BBD}.Debug|Any CPU.Build.0 = Debug|Any CPU
		{B22B2A83-A09D-4AA9-9572-136901E63BBD}.Release|Any CPU.ActiveCfg = Release|Any CPU
		{B22B2A83-A09D-4AA9-9572-136901E63BBD}.Release|Any CPU.Build.0 = Release|Any CPU
		{07F9AE48-7EF4-487E-A0E7-CDA5272BF81C}.Debug|Any CPU.ActiveCfg = Debug|Any CPU
		{07F9AE48-7EF4-487E-A0E7-CDA5272BF81C}.Debug|Any CPU.Build.0 = Debug|Any CPU
		{07F9AE48-7EF4-487E-A0E7-CDA5272BF81C}.Release|Any CPU.ActiveCfg = Release|Any CPU
		{07F9AE48-7EF4-487E-A0E7-CDA5272BF81C}.Release|Any CPU.Build.0 = Release|Any CPU
	EndGlobalSection
	GlobalSection(SolutionProperties) = preSolution
		HideSolutionNode = FALSE
	EndGlobalSection
EndGlobal
